
Microsoft Visual Studio Solution File, Format Version 12.00
# Visual Studio Version 17
VisualStudioVersion = 17.3.32825.248
MinimumVisualStudioVersion = 10.0.40219.1
Project("{9A19103F-16F7-4668-BE54-9A1E7A4F7556}") = "WebAppSR3MOD3", "WebAppSR3MOD3\WebAppSR3MOD3.csproj", "{1A7066EA-107F-4B9D-BBBC-210D83D602C3}"
EndProject
Project("{9A19103F-16F7-4668-BE54-9A1E7A4F7556}") = "DatabaseLib", "DatabaseLib\DatabaseLib.csproj", "{CC248DE3-CD97-4763-9D54-B49A97A0AD5D}"
EndProject
Global
	GlobalSection(SolutionConfigurationPlatforms) = preSolution
		Debug|Any CPU = Debug|Any CPU
		Release|Any CPU = Release|Any CPU
	EndGlobalSection
	GlobalSection(ProjectConfigurationPlatforms) = postSolution
		{1A7066EA-107F-4B9D-BBBC-210D83D602C3}.Debug|Any CPU.ActiveCfg = Debug|Any CPU
		{1A7066EA-107F-4B9D-BBBC-210D83D602C3}.Debug|Any CPU.Build.0 = Debug|Any CPU
		{1A7066EA-107F-4B9D-BBBC-210D83D602C3}.Release|Any CPU.ActiveCfg = Release|Any CPU
		{1A7066EA-107F-4B9D-BBBC-210D83D602C3}.Release|Any CPU.Build.0 = Release|Any CPU
		{CC248DE3-CD97-4763-9D54-B49A97A0AD5D}.Debug|Any CPU.ActiveCfg = Debug|Any CPU
		{CC248DE3-CD97-4763-9D54-B49A97A0AD5D}.Debug|Any CPU.Build.0 = Debug|Any CPU
		{CC248DE3-CD97-4763-9D54-B49A97A0AD5D}.Release|Any CPU.ActiveCfg = Release|Any CPU
		{CC248DE3-CD97-4763-9D54-B49A97A0AD5D}.Release|Any CPU.Build.0 = Release|Any CPU
	EndGlobalSection
	GlobalSection(SolutionProperties) = preSolution
		HideSolutionNode = FALSE
	EndGlobalSection
	GlobalSection(ExtensibilityGlobals) = postSolution
		SolutionGuid = {ECCEAE33-CA08-412F-9FCF-E0DAB08FBE9C}
	EndGlobalSection
EndGlobal
